
Microsoft Visual Studio Solution File, Format Version 12.00
# Visual Studio Version 16
VisualStudioVersion = 16.0.29009.5
MinimumVisualStudioVersion = 10.0.40219.1
Project("{FAE04EC0-301F-11D3-BF4B-00C04F79EFBC}") = "NoteKeeper.Android", "NoteKeeper\NoteKeeper.Android\NoteKeeper.Android.csproj", "{0A13BFA3-A3B6-42AF-B03D-57E8EEC1117C}"
EndProject
Project("{FAE04EC0-301F-11D3-BF4B-00C04F79EFBC}") = "NoteKeeper.iOS", "NoteKeeper\NoteKeeper.iOS\NoteKeeper.iOS.csproj", "{769CE8CE-2F53-4754-B8EF-78771D9C068A}"
EndProject
Project("{FAE04EC0-301F-11D3-BF4B-00C04F79EFBC}") = "NoteKeeper", "NoteKeeper\NoteKeeper\NoteKeeper.csproj", "{E2F8ED97-4442-44D6-8E56-5868C59BB55D}"
EndProject
Global
	GlobalSection(SolutionConfigurationPlatforms) = preSolution
		Debug|Any CPU = Debug|Any CPU
		Debug|iPhone = Debug|iPhone
		Debug|iPhoneSimulator = Debug|iPhoneSimulator
		Release|Any CPU = Release|Any CPU
		Release|iPhone = Release|iPhone
		Release|iPhoneSimulator = Release|iPhoneSimulator
	EndGlobalSection
	GlobalSection(ProjectConfigurationPlatforms) = postSolution
		{0A13BFA3-A3B6-42AF-B03D-57E8EEC1117C}.Debug|Any CPU.ActiveCfg = Debug|Any CPU
		{0A13BFA3-A3B6-42AF-B03D-57E8EEC1117C}.Debug|Any CPU.Build.0 = Debug|Any CPU
		{0A13BFA3-A3B6-42AF-B03D-57E8EEC1117C}.Debug|Any CPU.Deploy.0 = Debug|Any CPU
		{0A13BFA3-A3B6-42AF-B03D-57E8EEC1117C}.Debug|iPhone.ActiveCfg = Debug|Any CPU
		{0A13BFA3-A3B6-42AF-B03D-57E8EEC1117C}.Debug|iPhone.Build.0 = Debug|Any CPU
		{0A13BFA3-A3B6-42AF-B03D-57E8EEC1117C}.Debug|iPhone.Deploy.0 = Debug|Any CPU
		{0A13BFA3-A3B6-42AF-B03D-57E8EEC1117C}.Debug|iPhoneSimulator.ActiveCfg = Debug|Any CPU
		{0A13BFA3-A3B6-42AF-B03D-57E8EEC1117C}.Debug|iPhoneSimulator.Build.0 = Debug|Any CPU
		{0A13BFA3-A3B6-42AF-B03D-57E8EEC1117C}.Debug|iPhoneSimulator.Deploy.0 = Debug|Any CPU
		{0A13BFA3-A3B6-42AF-B03D-57E8EEC1117C}.Release|Any CPU.ActiveCfg = Release|Any CPU
		{0A13BFA3-A3B6-42AF-B03D-57E8EEC1117C}.Release|Any CPU.Build.0 = Release|Any CPU
		{0A13BFA3-A3B6-42AF-B03D-57E8EEC1117C}.Release|Any CPU.Deploy.0 = Release|Any CPU
		{0A13BFA3-A3B6-42AF-B03D-57E8EEC1117C}.Release|iPhone.ActiveCfg = Release|Any CPU
		{0A13BFA3-A3B6-42AF-B03D-57E8EEC1117C}.Release|iPhone.Build.0 = Release|Any CPU
		{0A13BFA3-A3B6-42AF-B03D-57E8EEC1117C}.Release|iPhone.Deploy.0 = Release|Any CPU
		{0A13BFA3-A3B6-42AF-B03D-57E8EEC1117C}.Release|iPhoneSimulator.ActiveCfg = Release|Any CPU
		{0A13BFA3-A3B6-42AF-B03D-57E8EEC1117C}.Release|iPhoneSimulator.Build.0 = Release|Any CPU
		{0A13BFA3-A3B6-42AF-B03D-57E8EEC1117C}.Release|iPhoneSimulator.Deploy.0 = Release|Any CPU
		{769CE8CE-2F53-4754-B8EF-78771D9C068A}.Debug|Any CPU.ActiveCfg = Debug|iPhoneSimulator
		{769CE8CE-2F53-4754-B8EF-78771D9C068A}.Debug|Any CPU.Build.0 = Debug|iPhoneSimulator
		{769CE8CE-2F53-4754-B8EF-78771D9C068A}.Debug|Any CPU.Deploy.0 = Debug|iPhoneSimulator
		{769CE8CE-2F53-4754-B8EF-78771D9C068A}.Debug|iPhone.ActiveCfg = Debug|iPhone
		{769CE8CE-2F53-4754-B8EF-78771D9C068A}.Debug|iPhone.Build.0 = Debug|iPhone
		{769CE8CE-2F53-4754-B8EF-78771D9C068A}.Debug|iPhone.Deploy.0 = Debug|iPhone
		{769CE8CE-2F53-4754-B8EF-78771D9C068A}.Debug|iPhoneSimulator.ActiveCfg = Debug|iPhoneSimulator
		{769CE8CE-2F53-4754-B8EF-78771D9C068A}.Debug|iPhoneSimulator.Build.0 = Debug|iPhoneSimulator
		{769CE8CE-2F53-4754-B8EF-78771D9C068A}.Debug|iPhoneSimulator.Deploy.0 = Debug|iPhoneSimulator
		{769CE8CE-2F53-4754-B8EF-78771D9C068A}.Release|Any CPU.ActiveCfg = Release|iPhone
		{769CE8CE-2F53-4754-B8EF-78771D9C068A}.Release|Any CPU.Build.0 = Release|iPhone
		{769CE8CE-2F53-4754-B8EF-78771D9C068A}.Release|Any CPU.Deploy.0 = Release|iPhone
		{769CE8CE-2F53-4754-B8EF-78771D9C068A}.Release|iPhone.ActiveCfg = Release|iPhone
		{769CE8CE-2F53-4754-B8EF-78771D9C068A}.Release|iPhone.Build.0 = Release|iPhone
		{769CE8CE-2F53-4754-B8EF-78771D9C068A}.Release|iPhone.Deploy.0 = Release|iPhone
		{769CE8CE-2F53-4754-B8EF-78771D9C068A}.Release|iPhoneSimulator.ActiveCfg = Release|iPhoneSimulator
		{769CE8CE-2F53-4754-B8EF-78771D9C068A}.Release|iPhoneSimulator.Build.0 = Release|iPhoneSimulator
		{769CE8CE-2F53-4754-B8EF-78771D9C068A}.Release|iPhoneSimulator.Deploy.0 = Release|iPhoneSimulator
		{E2F8ED97-4442-44D6-8E56-5868C59BB55D}.Debug|Any CPU.ActiveCfg = Debug|Any CPU
		{E2F8ED97-4442-44D6-8E56-5868C59BB55D}.Debug|Any CPU.Build.0 = Debug|Any CPU
		{E2F8ED97-4442-44D6-8E56-5868C59BB55D}.Debug|Any CPU.Deploy.0 = Debug|Any CPU
		{E2F8ED97-4442-44D6-8E56-5868C59BB55D}.Debug|iPhone.ActiveCfg = Debug|Any CPU
		{E2F8ED97-4442-44D6-8E56-5868C59BB55D}.Debug|iPhone.Build.0 = Debug|Any CPU
		{E2F8ED97-4442-44D6-8E56-5868C59BB55D}.Debug|iPhone.Deploy.0 = Debug|Any CPU
		{E2F8ED97-4442-44D6-8E56-5868C59BB55D}.Debug|iPhoneSimulator.ActiveCfg = Debug|Any CPU
		{E2F8ED97-4442-44D6-8E56-5868C59BB55D}.Debug|iPhoneSimulator.Build.0 = Debug|Any CPU
		{E2F8ED97-4442-44D6-8E56-5868C59BB55D}.Debug|iPhoneSimulator.Deploy.0 = Debug|Any CPU
		{E2F8ED97-4442-44D6-8E56-5868C59BB55D}.Release|Any CPU.ActiveCfg = Release|Any CPU
		{E2F8ED97-4442-44D6-8E56-5868C59BB55D}.Release|Any CPU.Build.0 = Release|Any CPU
		{E2F8ED97-4442-44D6-8E56-5868C59BB55D}.Release|Any CPU.Deploy.0 = Release|Any CPU
		{E2F8ED97-4442-44D6-8E56-5868C59BB55D}.Release|iPhone.ActiveCfg = Release|Any CPU
		{E2F8ED97-4442-44D6-8E56-5868C59BB55D}.Release|iPhone.Build.0 = Release|Any CPU
		{E2F8ED97-4442-44D6-8E56-5868C59BB55D}.Release|iPhone.Deploy.0 = Release|Any CPU
		{E2F8ED97-4442-44D6-8E56-5868C59BB55D}.Release|iPhoneSimulator.ActiveCfg = Release|Any CPU
		{E2F8ED97-4442-44D6-8E56-5868C59BB55D}.Release|iPhoneSimulator.Build.0 = Release|Any CPU
		{E2F8ED97-4442-44D6-8E56-5868C59BB55D}.Release|iPhoneSimulator.Deploy.0 = Release|Any CPU
	EndGlobalSection
	GlobalSection(SolutionProperties) = preSolution
		HideSolutionNode = FALSE
	EndGlobalSection
	GlobalSection(ExtensibilityGlobals) = postSolution
		SolutionGuid = {027EBA62-B784-4C00-A1C7-4CADBFF1E8B8}
	EndGlobalSection
EndGlobal
